{
  "name": "openpracticelibrary",
  "version": "2.2.0",
  "lockfileVersion": 1,
  "requires": true,
  "dependencies": {
    "@uploadcare/cname-prefix": {
      "version": "6.18.4",
      "resolved": "https://registry.npmjs.org/@uploadcare/cname-prefix/-/cname-prefix-6.18.4.tgz",
      "integrity": "sha512-dEDkoMneA01UoJNpS7KcxxCkuP87fdWfK111Q/3nt5WO1gb6VpvZuUse9ac+A/h9iVEkaPxsO7cNsEtLxGKOpQ=="
    },
    "decap-cms-media-library-cloudinary": {
      "version": "3.1.0",
      "resolved": "https://registry.npmjs.org/decap-cms-media-library-cloudinary/-/decap-cms-media-library-cloudinary-3.1.0.tgz",
      "integrity": "sha512-dPBxCTi2PhSpuOMqa1fHmQzQXb/yEg0Djn80v15fnqjaLkCh/ByueB8V0l+WmyzViZXeStiQqhuIOhIttfsGiQ=="
    },
    "decap-cms-media-library-uploadcare": {
      "version": "3.0.2",
      "resolved": "https://registry.npmjs.org/decap-cms-media-library-uploadcare/-/decap-cms-media-library-uploadcare-3.0.2.tgz",
      "integrity": "sha512-nBgA3Mx3z4rEhbuu5XFfOt8/PQ/LXYU/FnwR0bpYcsCXdWQUogp9F+gHrGoYF6UiDrkSPlUUFSTn3Jcfyn0xXQ==",
      "requires": {
        "uploadcare-widget": "^3.7.0",
        "uploadcare-widget-tab-effects": "^1.4.0"
      }
    },
    "escape-html": {
      "version": "1.0.3",
      "resolved": "https://registry.npmjs.org/escape-html/-/escape-html-1.0.3.tgz",
      "integrity": "sha512-NiSupZ4OeuGwr68lGIeym/ksIZMJodUGOSCZ/FSnTxcrekbvqrgdUxlJOMpijaKZVjAJrWrGs/6Jy8OMuyj9ow=="
    },
    "jquery": {
      "version": "3.7.1",
      "resolved": "https://registry.npmjs.org/jquery/-/jquery-3.7.1.tgz",
      "integrity": "sha512-m4avr8yL8kmFN8psrbFFFmB/If14iN5o9nw/NgnnM+kybDJpRsAynV2BsfpTYrTRysYUdADVD7CkUUizgkpLfg=="
    },
    "uploadcare-widget": {
      "version": "3.23.4",
      "resolved": "https://registry.npmjs.org/uploadcare-widget/-/uploadcare-widget-3.23.4.tgz",
      "integrity": "sha512-gfngtKKUs4ZU726SQmgwyTt1NIz5unB/YvY3eQyiiNR3Og3yY7JXk2VDxUJ5+2LXI9VrvlGRKPWPhb6w60KLWw==",
      "requires": {
        "@uploadcare/cname-prefix": "^6.16.2",
        "escape-html": "^1.0.3",
        "jquery": "^3.7.1"
      }
    },
    "uploadcare-widget-tab-effects": {
      "version": "1.7.2",
      "resolved": "https://registry.npmjs.org/uploadcare-widget-tab-effects/-/uploadcare-widget-tab-effects-1.7.2.tgz",
      "integrity": "sha512-56IxhR5TueGRv9ZUReAZTycV4iWBZ421L1KlMGpK7kCJs/vyQMDY+iQTr3WLtEUmq2Jl9v6H6EA471s3jjpGYQ=="
    }
  }
}
